
Microsoft Visual Studio Solution File, Format Version 12.00
# Visual Studio Version 17
VisualStudioVersion = 17.11.35222.181
MinimumVisualStudioVersion = 10.0.40219.1
Project("{FAE04EC0-301F-11D3-BF4B-00C04F79EFBC}") = "GM Task Manager", "GM Task Manager\GM Task Manager.csproj", "{BFEB869B-496B-4493-8F25-45DD17315680}"
EndProject
Global
	GlobalSection(SolutionConfigurationPlatforms) = preSolution
		Debug|Any CPU = Debug|Any CPU
		Release|Any CPU = Release|Any CPU
	EndGlobalSection
	GlobalSection(ProjectConfigurationPlatforms) = postSolution
		{BFEB869B-496B-4493-8F25-45DD17315680}.Debug|Any CPU.ActiveCfg = Debug|Any CPU
		{BFEB869B-496B-4493-8F25-45DD17315680}.Debug|Any CPU.Build.0 = Debug|Any CPU
		{BFEB869B-496B-4493-8F25-45DD17315680}.Release|Any CPU.ActiveCfg = Release|Any CPU
		{BFEB869B-496B-4493-8F25-45DD17315680}.Release|Any CPU.Build.0 = Release|Any CPU
	EndGlobalSection
	GlobalSection(SolutionProperties) = preSolution
		HideSolutionNode = FALSE
	EndGlobalSection
	GlobalSection(ExtensibilityGlobals) = postSolution
		SolutionGuid = {75BAA755-2746-4234-A4C2-F1A771753D5C}
	EndGlobalSection
EndGlobal
